// !$*UTF8*$!
{
	archiveVersion = 1;
	classes = {
	};
	objectVersion = 56;
	objects = {

/* Begin PBXBuildFile section */
		2B6D84DA2BC8BA8B00CF1A5F /* ViagemTableViewCell.xib in Resources */ = {isa = PBXBuildFile; fileRef = 2B6D84D92BC8BA8B00CF1A5F /* ViagemTableViewCell.xib */; };
		2B6D84DB2BC8BA8B00CF1A5F /* ViagemTableViewCell.swift in Sources */ = {isa = PBXBuildFile; fileRef = 2B6D84D82BC8BA8B00CF1A5F /* ViagemTableViewCell.swift */; };
		2B980DD82BC8C5AB0018C6E2 /* server-response.json in Resources */ = {isa = PBXBuildFile; fileRef = 2B980DD72BC8C5AB0018C6E2 /* server-response.json */; };
		2B980DE32BC8C6B10018C6E2 /* ViagemViewModel.swift in Sources */ = {isa = PBXBuildFile; fileRef = 2B980DE22BC8C6B10018C6E2 /* ViagemViewModel.swift */; };
		2B980DE72BC8C8240018C6E2 /* Viagem.swift in Sources */ = {isa = PBXBuildFile; fileRef = 2B980DE42BC8C8240018C6E2 /* Viagem.swift */; };
		2B980DE82BC8C8240018C6E2 /* DecodableData.swift in Sources */ = {isa = PBXBuildFile; fileRef = 2B980DE52BC8C8240018C6E2 /* DecodableData.swift */; };
		2B980DE92BC8C8240018C6E2 /* TiposDeViagens.swift in Sources */ = {isa = PBXBuildFile; fileRef = 2B980DE62BC8C8240018C6E2 /* TiposDeViagens.swift */; };
		2B980DEB2BC8C8A00018C6E2 /* ViagemDestaqueViewModel.swift in Sources */ = {isa = PBXBuildFile; fileRef = 2B980DEA2BC8C8A00018C6E2 /* ViagemDestaqueViewModel.swift */; };
		2B980DED2BC8C99A0018C6E2 /* UIView+Extension.swift in Sources */ = {isa = PBXBuildFile; fileRef = 2B980DEC2BC8C99A0018C6E2 /* UIView+Extension.swift */; };
		2B9CE7502BB62EBF00A4E630 /* AppDelegate.swift in Sources */ = {isa = PBXBuildFile; fileRef = 2B9CE74F2BB62EBF00A4E630 /* AppDelegate.swift */; };
		2B9CE7522BB62EBF00A4E630 /* SceneDelegate.swift in Sources */ = {isa = PBXBuildFile; fileRef = 2B9CE7512BB62EBF00A4E630 /* SceneDelegate.swift */; };
		2B9CE7542BB62EBF00A4E630 /* ViewController.swift in Sources */ = {isa = PBXBuildFile; fileRef = 2B9CE7532BB62EBF00A4E630 /* ViewController.swift */; };
		2B9CE7572BB62EBF00A4E630 /* Base in Resources */ = {isa = PBXBuildFile; fileRef = 2B9CE7562BB62EBF00A4E630 /* Base */; };
		2B9CE7592BB62EC100A4E630 /* Assets.xcassets in Resources */ = {isa = PBXBuildFile; fileRef = 2B9CE7582BB62EC100A4E630 /* Assets.xcassets */; };
		2B9CE75C2BB62EC100A4E630 /* Base in Resources */ = {isa = PBXBuildFile; fileRef = 2B9CE75B2BB62EC100A4E630 /* Base */; };
		2B9CE7642BB634DB00A4E630 /* HomeTableViewHeader.xib in Resources */ = {isa = PBXBuildFile; fileRef = 2B9CE7632BB634DB00A4E630 /* HomeTableViewHeader.xib */; };
		2B9CE7662BB637E200A4E630 /* HomeTableViewHeader.swift in Sources */ = {isa = PBXBuildFile; fileRef = 2B9CE7652BB637E200A4E630 /* HomeTableViewHeader.swift */; };
/* End PBXBuildFile section */

/* Begin PBXFileReference section */
		2B6D84D82BC8BA8B00CF1A5F /* ViagemTableViewCell.swift */ = {isa = PBXFileReference; lastKnownFileType = sourcecode.swift; path = ViagemTableViewCell.swift; sourceTree = "<group>"; };
		2B6D84D92BC8BA8B00CF1A5F /* ViagemTableViewCell.xib */ = {isa = PBXFileReference; lastKnownFileType = file.xib; path = ViagemTableViewCell.xib; sourceTree = "<group>"; };
		2B980DD72BC8C5AB0018C6E2 /* server-response.json */ = {isa = PBXFileReference; fileEncoding = 4; lastKnownFileType = text.json; name = "server-response.json"; path = "../../../../../../../../Downloads/Arquivos Swift/arquivos/server-response.json"; sourceTree = "<group>"; };
		2B980DE22BC8C6B10018C6E2 /* ViagemViewModel.swift */ = {isa = PBXFileReference; lastKnownFileType = sourcecode.swift; path = ViagemViewModel.swift; sourceTree = "<group>"; };
		2B980DE42BC8C8240018C6E2 /* Viagem.swift */ = {isa = PBXFileReference; fileEncoding = 4; lastKnownFileType = sourcecode.swift; path = Viagem.swift; sourceTree = "<group>"; };
		2B980DE52BC8C8240018C6E2 /* DecodableData.swift */ = {isa = PBXFileReference; fileEncoding = 4; lastKnownFileType = sourcecode.swift; path = DecodableData.swift; sourceTree = "<group>"; };
		2B980DE62BC8C8240018C6E2 /* TiposDeViagens.swift */ = {isa = PBXFileReference; fileEncoding = 4; lastKnownFileType = sourcecode.swift; path = TiposDeViagens.swift; sourceTree = "<group>"; };
		2B980DEA2BC8C8A00018C6E2 /* ViagemDestaqueViewModel.swift */ = {isa = PBXFileReference; lastKnownFileType = sourcecode.swift; path = ViagemDestaqueViewModel.swift; sourceTree = "<group>"; };
		2B980DEC2BC8C99A0018C6E2 /* UIView+Extension.swift */ = {isa = PBXFileReference; fileEncoding = 4; lastKnownFileType = sourcecode.swift; path = "UIView+Extension.swift"; sourceTree = "<group>"; };
		2B9CE74C2BB62EBF00A4E630 /* AluraViagens.app */ = {isa = PBXFileReference; explicitFileType = wrapper.application; includeInIndex = 0; path = AluraViagens.app; sourceTree = BUILT_PRODUCTS_DIR; };
		2B9CE74F2BB62EBF00A4E630 /* AppDelegate.swift */ = {isa = PBXFileReference; lastKnownFileType = sourcecode.swift; path = AppDelegate.swift; sourceTree = "<group>"; };
		2B9CE7512BB62EBF00A4E630 /* SceneDelegate.swift */ = {isa = PBXFileReference; lastKnownFileType = sourcecode.swift; path = SceneDelegate.swift; sourceTree = "<group>"; };
		2B9CE7532BB62EBF00A4E630 /* ViewController.swift */ = {isa = PBXFileReference; lastKnownFileType = sourcecode.swift; path = ViewController.swift; sourceTree = "<group>"; };
		2B9CE7562BB62EBF00A4E630 /* Base */ = {isa = PBXFileReference; lastKnownFileType = file.storyboard; name = Base; path = Base.lproj/Main.storyboard; sourceTree = "<group>"; };
		2B9CE7582BB62EC100A4E630 /* Assets.xcassets */ = {isa = PBXFileReference; lastKnownFileType = folder.assetcatalog; path = Assets.xcassets; sourceTree = "<group>"; };
		2B9CE75B2BB62EC100A4E630 /* Base */ = {isa = PBXFileReference; lastKnownFileType = file.storyboard; name = Base; path = Base.lproj/LaunchScreen.storyboard; sourceTree = "<group>"; };
		2B9CE75D2BB62EC100A4E630 /* Info.plist */ = {isa = PBXFileReference; lastKnownFileType = text.plist.xml; path = Info.plist; sourceTree = "<group>"; };
		2B9CE7632BB634DB00A4E630 /* HomeTableViewHeader.xib */ = {isa = PBXFileReference; lastKnownFileType = file.xib; path = HomeTableViewHeader.xib; sourceTree = "<group>"; };
		2B9CE7652BB637E200A4E630 /* HomeTableViewHeader.swift */ = {isa = PBXFileReference; lastKnownFileType = sourcecode.swift; path = HomeTableViewHeader.swift; sourceTree = "<group>"; };
/* End PBXFileReference section */

/* Begin PBXFrameworksBuildPhase section */
		2B9CE7492BB62EBF00A4E630 /* Frameworks */ = {
			isa = PBXFrameworksBuildPhase;
			buildActionMask = 2147483647;
			files = (
			);
			runOnlyForDeploymentPostprocessing = 0;
		};
/* End PBXFrameworksBuildPhase section */

/* Begin PBXGroup section */
		2B6D84D22BC7824700CF1A5F /* AppDelegate */ = {
			isa = PBXGroup;
			children = (
				2B9CE74F2BB62EBF00A4E630 /* AppDelegate.swift */,
				2B9CE7512BB62EBF00A4E630 /* SceneDelegate.swift */,
			);
			path = AppDelegate;
			sourceTree = "<group>";
		};
		2B6D84D32BC7827C00CF1A5F /* Model */ = {
			isa = PBXGroup;
			children = (
				2B980DE52BC8C8240018C6E2 /* DecodableData.swift */,
				2B980DE62BC8C8240018C6E2 /* TiposDeViagens.swift */,
				2B980DE42BC8C8240018C6E2 /* Viagem.swift */,
			);
			path = Model;
			sourceTree = "<group>";
		};
		2B6D84D42BC782D600CF1A5F /* View */ = {
			isa = PBXGroup;
			children = (
				2B9CE7532BB62EBF00A4E630 /* ViewController.swift */,
				2B9CE7552BB62EBF00A4E630 /* Main.storyboard */,
				2B6D84D52BC7831500CF1A5F /* Header */,
				2B6D84D72BC8BA2600CF1A5F /* Cells */,
			);
			path = View;
			sourceTree = "<group>";
		};
		2B6D84D52BC7831500CF1A5F /* Header */ = {
			isa = PBXGroup;
			children = (
				2B9CE7632BB634DB00A4E630 /* HomeTableViewHeader.xib */,
				2B9CE7652BB637E200A4E630 /* HomeTableViewHeader.swift */,
			);
			path = Header;
			sourceTree = "<group>";
		};
		2B6D84D62BC7834C00CF1A5F /* ViewModel */ = {
			isa = PBXGroup;
			children = (
				2B980DE22BC8C6B10018C6E2 /* ViagemViewModel.swift */,
				2B980DEA2BC8C8A00018C6E2 /* ViagemDestaqueViewModel.swift */,
			);
			path = ViewModel;
			sourceTree = "<group>";
		};
		2B6D84D72BC8BA2600CF1A5F /* Cells */ = {
			isa = PBXGroup;
			children = (
				2B6D84D82BC8BA8B00CF1A5F /* ViagemTableViewCell.swift */,
				2B6D84D92BC8BA8B00CF1A5F /* ViagemTableViewCell.xib */,
			);
			path = Cells;
			sourceTree = "<group>";
		};
		2B980DD62BC8C5350018C6E2 /* Mock */ = {
			isa = PBXGroup;
			children = (
				2B980DD72BC8C5AB0018C6E2 /* server-response.json */,
			);
			path = Mock;
			sourceTree = "<group>";
		};
		2B980DDF2BC8C6210018C6E2 /* Extensions */ = {
			isa = PBXGroup;
			children = (
				2B980DEC2BC8C99A0018C6E2 /* UIView+Extension.swift */,
			);
			path = Extensions;
			sourceTree = "<group>";
		};
		2B9CE7432BB62EBF00A4E630 = {
			isa = PBXGroup;
			children = (
				2B9CE74E2BB62EBF00A4E630 /* AluraViagens */,
				2B9CE74D2BB62EBF00A4E630 /* Products */,
			);
			sourceTree = "<group>";
		};
		2B9CE74D2BB62EBF00A4E630 /* Products */ = {
			isa = PBXGroup;
			children = (
				2B9CE74C2BB62EBF00A4E630 /* AluraViagens.app */,
			);
			name = Products;
			sourceTree = "<group>";
		};
		2B9CE74E2BB62EBF00A4E630 /* AluraViagens */ = {
			isa = PBXGroup;
			children = (
				2B6D84D22BC7824700CF1A5F /* AppDelegate */,
				2B6D84D32BC7827C00CF1A5F /* Model */,
				2B6D84D42BC782D600CF1A5F /* View */,
				2B6D84D62BC7834C00CF1A5F /* ViewModel */,
				2B980DDF2BC8C6210018C6E2 /* Extensions */,
				2B9CE7582BB62EC100A4E630 /* Assets.xcassets */,
				2B980DD62BC8C5350018C6E2 /* Mock */,
				2B9CE75A2BB62EC100A4E630 /* LaunchScreen.storyboard */,
				2B9CE75D2BB62EC100A4E630 /* Info.plist */,
			);
			path = AluraViagens;
			sourceTree = "<group>";
		};
/* End PBXGroup section */

/* Begin PBXNativeTarget section */
		2B9CE74B2BB62EBF00A4E630 /* AluraViagens */ = {
			isa = PBXNativeTarget;
			buildConfigurationList = 2B9CE7602BB62EC100A4E630 /* Build configuration list for PBXNativeTarget "AluraViagens" */;
			buildPhases = (
				2B9CE7482BB62EBF00A4E630 /* Sources */,
				2B9CE7492BB62EBF00A4E630 /* Frameworks */,
				2B9CE74A2BB62EBF00A4E630 /* Resources */,
			);
			buildRules = (
			);
			dependencies = (
			);
			name = AluraViagens;
			productName = AluraViagens;
			productReference = 2B9CE74C2BB62EBF00A4E630 /* AluraViagens.app */;
			productType = "com.apple.product-type.application";
		};
/* End PBXNativeTarget section */

/* Begin PBXProject section */
		2B9CE7442BB62EBF00A4E630 /* Project object */ = {
			isa = PBXProject;
			attributes = {
				BuildIndependentTargetsInParallel = 1;
				LastSwiftUpdateCheck = 1530;
				LastUpgradeCheck = 1530;
				TargetAttributes = {
					2B9CE74B2BB62EBF00A4E630 = {
						CreatedOnToolsVersion = 15.3;
					};
				};
			};
			buildConfigurationList = 2B9CE7472BB62EBF00A4E630 /* Build configuration list for PBXProject "AluraViagens" */;
			compatibilityVersion = "Xcode 14.0";
			developmentRegion = en;
			hasScannedForEncodings = 0;
			knownRegions = (
				en,
				Base,
			);
			mainGroup = 2B9CE7432BB62EBF00A4E630;
			productRefGroup = 2B9CE74D2BB62EBF00A4E630 /* Products */;
			projectDirPath = "";
			projectRoot = "";
			targets = (
				2B9CE74B2BB62EBF00A4E630 /* AluraViagens */,
			);
		};
/* End PBXProject section */

/* Begin PBXResourcesBuildPhase section */
		2B9CE74A2BB62EBF00A4E630 /* Resources */ = {
			isa = PBXResourcesBuildPhase;
			buildActionMask = 2147483647;
			files = (
				2B9CE7592BB62EC100A4E630 /* Assets.xcassets in Resources */,
				2B980DD82BC8C5AB0018C6E2 /* server-response.json in Resources */,
				2B9CE7642BB634DB00A4E630 /* HomeTableViewHeader.xib in Resources */,
				2B9CE75C2BB62EC100A4E630 /* Base in Resources */,
				2B9CE7572BB62EBF00A4E630 /* Base in Resources */,
				2B6D84DA2BC8BA8B00CF1A5F /* ViagemTableViewCell.xib in Resources */,
			);
			runOnlyForDeploymentPostprocessing = 0;
		};
/* End PBXResourcesBuildPhase section */

/* Begin PBXSourcesBuildPhase section */
		2B9CE7482BB62EBF00A4E630 /* Sources */ = {
			isa = PBXSourcesBuildPhase;
			buildActionMask = 2147483647;
			files = (
				2B980DED2BC8C99A0018C6E2 /* UIView+Extension.swift in Sources */,
				2B980DE82BC8C8240018C6E2 /* DecodableData.swift in Sources */,
				2B980DE72BC8C8240018C6E2 /* Viagem.swift in Sources */,
				2B9CE7542BB62EBF00A4E630 /* ViewController.swift in Sources */,
				2B6D84DB2BC8BA8B00CF1A5F /* ViagemTableViewCell.swift in Sources */,
				2B9CE7662BB637E200A4E630 /* HomeTableViewHeader.swift in Sources */,
				2B9CE7502BB62EBF00A4E630 /* AppDelegate.swift in Sources */,
				2B9CE7522BB62EBF00A4E630 /* SceneDelegate.swift in Sources */,
				2B980DE92BC8C8240018C6E2 /* TiposDeViagens.swift in Sources */,
				2B980DE32BC8C6B10018C6E2 /* ViagemViewModel.swift in Sources */,
				2B980DEB2BC8C8A00018C6E2 /* ViagemDestaqueViewModel.swift in Sources */,
			);
			runOnlyForDeploymentPostprocessing = 0;
		};
/* End PBXSourcesBuildPhase section */

/* Begin PBXVariantGroup section */
		2B9CE7552BB62EBF00A4E630 /* Main.storyboard */ = {
			isa = PBXVariantGroup;
			children = (
				2B9CE7562BB62EBF00A4E630 /* Base */,
			);
			name = Main.storyboard;
			sourceTree = "<group>";
		};
		2B9CE75A2BB62EC100A4E630 /* LaunchScreen.storyboard */ = {
			isa = PBXVariantGroup;
			children = (
				2B9CE75B2BB62EC100A4E630 /* Base */,
			);
			name = LaunchScreen.storyboard;
			sourceTree = "<group>";
		};
/* End PBXVariantGroup section */

/* Begin XCBuildConfiguration section */
		2B9CE75E2BB62EC100A4E630 /* Debug */ = {
			isa = XCBuildConfiguration;
			buildSettings = {
				ALWAYS_SEARCH_USER_PATHS = NO;
				ASSETCATALOG_COMPILER_GENERATE_SWIFT_ASSET_SYMBOL_EXTENSIONS = YES;
				CLANG_ANALYZER_NONNULL = YES;
				CLANG_ANALYZER_NUMBER_OBJECT_CONVERSION = YES_AGGRESSIVE;
				CLANG_CXX_LANGUAGE_STANDARD = "gnu++20";
				CLANG_ENABLE_MODULES = YES;
				CLANG_ENABLE_OBJC_ARC = YES;
				CLANG_ENABLE_OBJC_WEAK = YES;
				CLANG_WARN_BLOCK_CAPTURE_AUTORELEASING = YES;
				CLANG_WARN_BOOL_CONVERSION = YES;
				CLANG_WARN_COMMA = YES;
				CLANG_WARN_CONSTANT_CONVERSION = YES;
				CLANG_WARN_DEPRECATED_OBJC_IMPLEMENTATIONS = YES;
				CLANG_WARN_DIRECT_OBJC_ISA_USAGE = YES_ERROR;
				CLANG_WARN_DOCUMENTATION_COMMENTS = YES;
				CLANG_WARN_EMPTY_BODY = YES;
				CLANG_WARN_ENUM_CONVERSION = YES;
				CLANG_WARN_INFINITE_RECURSION = YES;
				CLANG_WARN_INT_CONVERSION = YES;
				CLANG_WARN_NON_LITERAL_NULL_CONVERSION = YES;
				CLANG_WARN_OBJC_IMPLICIT_RETAIN_SELF = YES;
				CLANG_WARN_OBJC_LITERAL_CONVERSION = YES;
				CLANG_WARN_OBJC_ROOT_CLASS = YES_ERROR;
				CLANG_WARN_QUOTED_INCLUDE_IN_FRAMEWORK_HEADER = YES;
				CLANG_WARN_RANGE_LOOP_ANALYSIS = YES;
				CLANG_WARN_STRICT_PROTOTYPES = YES;
				CLANG_WARN_SUSPICIOUS_MOVE = YES;
				CLANG_WARN_UNGUARDED_AVAILABILITY = YES_AGGRESSIVE;
				CLANG_WARN_UNREACHABLE_CODE = YES;
				CLANG_WARN__DUPLICATE_METHOD_MATCH = YES;
				COPY_PHASE_STRIP = NO;
				DEBUG_INFORMATION_FORMAT = dwarf;
				ENABLE_STRICT_OBJC_MSGSEND = YES;
				ENABLE_TESTABILITY = YES;
				ENABLE_USER_SCRIPT_SANDBOXING = YES;
				GCC_C_LANGUAGE_STANDARD = gnu17;
				GCC_DYNAMIC_NO_PIC = NO;
				GCC_NO_COMMON_BLOCKS = YES;
				GCC_OPTIMIZATION_LEVEL = 0;
				GCC_PREPROCESSOR_DEFINITIONS = (
					"DEBUG=1",
					"$(inherited)",
				);
				GCC_WARN_64_TO_32_BIT_CONVERSION = YES;
				GCC_WARN_ABOUT_RETURN_TYPE = YES_ERROR;
				GCC_WARN_UNDECLARED_SELECTOR = YES;
				GCC_WARN_UNINITIALIZED_AUTOS = YES_AGGRESSIVE;
				GCC_WARN_UNUSED_FUNCTION = YES;
				GCC_WARN_UNUSED_VARIABLE = YES;
				IPHONEOS_DEPLOYMENT_TARGET = 17.4;
				LOCALIZATION_PREFERS_STRING_CATALOGS = YES;
				MTL_ENABLE_DEBUG_INFO = INCLUDE_SOURCE;
				MTL_FAST_MATH = YES;
				ONLY_ACTIVE_ARCH = YES;
				SDKROOT = iphoneos;
				SWIFT_ACTIVE_COMPILATION_CONDITIONS = "DEBUG $(inherited)";
				SWIFT_OPTIMIZATION_LEVEL = "-Onone";
			};
			name = Debug;
		};
		2B9CE75F2BB62EC100A4E630 /* Release */ = {
			isa = XCBuildConfiguration;
			buildSettings = {
				ALWAYS_SEARCH_USER_PATHS = NO;
				ASSETCATALOG_COMPILER_GENERATE_SWIFT_ASSET_SYMBOL_EXTENSIONS = YES;
				CLANG_ANALYZER_NONNULL = YES;
				CLANG_ANALYZER_NUMBER_OBJECT_CONVERSION = YES_AGGRESSIVE;
				CLANG_CXX_LANGUAGE_STANDARD = "gnu++20";
				CLANG_ENABLE_MODULES = YES;
				CLANG_ENABLE_OBJC_ARC = YES;
				CLANG_ENABLE_OBJC_WEAK = YES;
				CLANG_WARN_BLOCK_CAPTURE_AUTORELEASING = YES;
				CLANG_WARN_BOOL_CONVERSION = YES;
				CLANG_WARN_COMMA = YES;
				CLANG_WARN_CONSTANT_CONVERSION = YES;
				CLANG_WARN_DEPRECATED_OBJC_IMPLEMENTATIONS = YES;
				CLANG_WARN_DIRECT_OBJC_ISA_USAGE = YES_ERROR;
				CLANG_WARN_DOCUMENTATION_COMMENTS = YES;
				CLANG_WARN_EMPTY_BODY = YES;
				CLANG_WARN_ENUM_CONVERSION = YES;
				CLANG_WARN_INFINITE_RECURSION = YES;
				CLANG_WARN_INT_CONVERSION = YES;
				CLANG_WARN_NON_LITERAL_NULL_CONVERSION = YES;
				CLANG_WARN_OBJC_IMPLICIT_RETAIN_SELF = YES;
				CLANG_WARN_OBJC_LITERAL_CONVERSION = YES;
				CLANG_WARN_OBJC_ROOT_CLASS = YES_ERROR;
				CLANG_WARN_QUOTED_INCLUDE_IN_FRAMEWORK_HEADER = YES;
				CLANG_WARN_RANGE_LOOP_ANALYSIS = YES;
				CLANG_WARN_STRICT_PROTOTYPES = YES;
				CLANG_WARN_SUSPICIOUS_MOVE = YES;
				CLANG_WARN_UNGUARDED_AVAILABILITY = YES_AGGRESSIVE;
				CLANG_WARN_UNREACHABLE_CODE = YES;
				CLANG_WARN__DUPLICATE_METHOD_MATCH = YES;
				COPY_PHASE_STRIP = NO;
				DEBUG_INFORMATION_FORMAT = "dwarf-with-dsym";
				ENABLE_NS_ASSERTIONS = NO;
				ENABLE_STRICT_OBJC_MSGSEND = YES;
				ENABLE_USER_SCRIPT_SANDBOXING = YES;
				GCC_C_LANGUAGE_STANDARD = gnu17;
				GCC_NO_COMMON_BLOCKS = YES;
				GCC_WARN_64_TO_32_BIT_CONVERSION = YES;
				GCC_WARN_ABOUT_RETURN_TYPE = YES_ERROR;
				GCC_WARN_UNDECLARED_SELECTOR = YES;
				GCC_WARN_UNINITIALIZED_AUTOS = YES_AGGRESSIVE;
				GCC_WARN_UNUSED_FUNCTION = YES;
				GCC_WARN_UNUSED_VARIABLE = YES;
				IPHONEOS_DEPLOYMENT_TARGET = 17.4;
				LOCALIZATION_PREFERS_STRING_CATALOGS = YES;
				MTL_ENABLE_DEBUG_INFO = NO;
				MTL_FAST_MATH = YES;
				SDKROOT = iphoneos;
				SWIFT_COMPILATION_MODE = wholemodule;
				VALIDATE_PRODUCT = YES;
			};
			name = Release;
		};
		2B9CE7612BB62EC100A4E630 /* Debug */ = {
			isa = XCBuildConfiguration;
			buildSettings = {
				ASSETCATALOG_COMPILER_APPICON_NAME = AppIcon;
				ASSETCATALOG_COMPILER_GLOBAL_ACCENT_COLOR_NAME = AccentColor;
				CODE_SIGN_STYLE = Automatic;
				CURRENT_PROJECT_VERSION = 1;
				GENERATE_INFOPLIST_FILE = YES;
				INFOPLIST_FILE = AluraViagens/Info.plist;
				INFOPLIST_KEY_CFBundleDisplayName = "Alura Viagens";
				INFOPLIST_KEY_LSApplicationCategoryType = "public.app-category.travel";
				INFOPLIST_KEY_UIApplicationSupportsIndirectInputEvents = YES;
				INFOPLIST_KEY_UILaunchStoryboardName = LaunchScreen;
				INFOPLIST_KEY_UIMainStoryboardFile = Main;
				INFOPLIST_KEY_UISupportedInterfaceOrientations_iPad = "UIInterfaceOrientationPortrait UIInterfaceOrientationPortraitUpsideDown UIInterfaceOrientationLandscapeLeft UIInterfaceOrientationLandscapeRight";
				INFOPLIST_KEY_UISupportedInterfaceOrientations_iPhone = "UIInterfaceOrientationPortrait UIInterfaceOrientationLandscapeLeft UIInterfaceOrientationLandscapeRight";
				IPHONEOS_DEPLOYMENT_TARGET = 14.0;
				LD_RUNPATH_SEARCH_PATHS = (
					"$(inherited)",
					"@executable_path/Frameworks",
				);
				MARKETING_VERSION = 1.0;
				PRODUCT_BUNDLE_IDENTIFIER = br.com.patrikoliveira.AluraViagens;
				PRODUCT_NAME = "$(TARGET_NAME)";
				SWIFT_EMIT_LOC_STRINGS = YES;
				SWIFT_VERSION = 5.0;
				TARGETED_DEVICE_FAMILY = "1,2";
			};
			name = Debug;
		};
		2B9CE7622BB62EC100A4E630 /* Release */ = {
			isa = XCBuildConfiguration;
			buildSettings = {
				ASSETCATALOG_COMPILER_APPICON_NAME = AppIcon;
				ASSETCATALOG_COMPILER_GLOBAL_ACCENT_COLOR_NAME = AccentColor;
				CODE_SIGN_STYLE = Automatic;
				CURRENT_PROJECT_VERSION = 1;
				GENERATE_INFOPLIST_FILE = YES;
				INFOPLIST_FILE = AluraViagens/Info.plist;
				INFOPLIST_KEY_CFBundleDisplayName = "Alura Viagens";
				INFOPLIST_KEY_LSApplicationCategoryType = "public.app-category.travel";
				INFOPLIST_KEY_UIApplicationSupportsIndirectInputEvents = YES;
				INFOPLIST_KEY_UILaunchStoryboardName = LaunchScreen;
				INFOPLIST_KEY_UIMainStoryboardFile = Main;
				INFOPLIST_KEY_UISupportedInterfaceOrientations_iPad = "UIInterfaceOrientationPortrait UIInterfaceOrientationPortraitUpsideDown UIInterfaceOrientationLandscapeLeft UIInterfaceOrientationLandscapeRight";
				INFOPLIST_KEY_UISupportedInterfaceOrientations_iPhone = "UIInterfaceOrientationPortrait UIInterfaceOrientationLandscapeLeft UIInterfaceOrientationLandscapeRight";
				IPHONEOS_DEPLOYMENT_TARGET = 14.0;
				LD_RUNPATH_SEARCH_PATHS = (
					"$(inherited)",
					"@executable_path/Frameworks",
				);
				MARKETING_VERSION = 1.0;
				PRODUCT_BUNDLE_IDENTIFIER = br.com.patrikoliveira.AluraViagens;
				PRODUCT_NAME = "$(TARGET_NAME)";
				SWIFT_EMIT_LOC_STRINGS = YES;
				SWIFT_VERSION = 5.0;
				TARGETED_DEVICE_FAMILY = "1,2";
			};
			name = Release;
		};
/* End XCBuildConfiguration section */

/* Begin XCConfigurationList section */
		2B9CE7472BB62EBF00A4E630 /* Build configuration list for PBXProject "AluraViagens" */ = {
			isa = XCConfigurationList;
			buildConfigurations = (
				2B9CE75E2BB62EC100A4E630 /* Debug */,
				2B9CE75F2BB62EC100A4E630 /* Release */,
			);
			defaultConfigurationIsVisible = 0;
			defaultConfigurationName = Release;
		};
		2B9CE7602BB62EC100A4E630 /* Build configuration list for PBXNativeTarget "AluraViagens" */ = {
			isa = XCConfigurationList;
			buildConfigurations = (
				2B9CE7612BB62EC100A4E630 /* Debug */,
				2B9CE7622BB62EC100A4E630 /* Release */,
			);
			defaultConfigurationIsVisible = 0;
			defaultConfigurationName = Release;
		};
/* End XCConfigurationList section */
	};
	rootObject = 2B9CE7442BB62EBF00A4E630 /* Project object */;
}
